// !$*UTF8*$!
{
	archiveVersion = 1;
	classes = {
	};
	objectVersion = 56;
	objects = {

/* Begin PBXBuildFile section */
		87048A722AA8D16400725C77 /* baekjoon11727.c in Sources */ = {isa = PBXBuildFile; fileRef = 87048A712AA8D16400725C77 /* baekjoon11727.c */; };
/* End PBXBuildFile section */

/* Begin PBXCopyFilesBuildPhase section */
		87F00FBA2A6A9D21002E4F3B /* CopyFiles */ = {
			isa = PBXCopyFilesBuildPhase;
			buildActionMask = 2147483647;
			dstPath = /usr/share/man/man1/;
			dstSubfolderSpec = 0;
			files = (
			);
			runOnlyForDeploymentPostprocessing = 1;
		};
/* End PBXCopyFilesBuildPhase section */

/* Begin PBXFileReference section */
		87048A652AA8543900725C77 /* debug_example.c */ = {isa = PBXFileReference; lastKnownFileType = sourcecode.c.c; path = debug_example.c; sourceTree = "<group>"; };
		87048A682AA8B7F800725C77 /* dp_concept.c */ = {isa = PBXFileReference; lastKnownFileType = sourcecode.c.c; path = dp_concept.c; sourceTree = "<group>"; };
		87048A6E2AA8C7D600725C77 /* baekjoon11726.c */ = {isa = PBXFileReference; lastKnownFileType = sourcecode.c.c; path = baekjoon11726.c; sourceTree = "<group>"; };
		87048A712AA8D16400725C77 /* baekjoon11727.c */ = {isa = PBXFileReference; lastKnownFileType = sourcecode.c.c; path = baekjoon11727.c; sourceTree = "<group>"; };
		8784EBC62A6C361500D55483 /* 단어입력.c */ = {isa = PBXFileReference; lastKnownFileType = sourcecode.c.c; path = "단어입력.c"; sourceTree = "<group>"; };
		87E444162A6AA9B500E5CE8C /* 문자열.c */ = {isa = PBXFileReference; lastKnownFileType = sourcecode.c.c; name = "문자열.c"; path = "C/문자열.c"; sourceTree = SOURCE_ROOT; };
		87E4441C2A6AB12100E5CE8C /* 파일.c */ = {isa = PBXFileReference; lastKnownFileType = sourcecode.c.c; path = "파일.c"; sourceTree = "<group>"; };
		87F00FBC2A6A9D21002E4F3B /* C */ = {isa = PBXFileReference; explicitFileType = "compiled.mach-o.executable"; includeInIndex = 0; path = C; sourceTree = BUILT_PRODUCTS_DIR; };
		87F00FCC2A6AA4E3002E4F3B /* 포인터.c */ = {isa = PBXFileReference; lastKnownFileType = sourcecode.c.c; name = "포인터.c"; path = "C/포인터.c"; sourceTree = SOURCE_ROOT; };
		87F6211A2A6C3C1A008AF76E /* 문자열 예제1.c */ = {isa = PBXFileReference; lastKnownFileType = sourcecode.c.c; path = "문자열 예제1.c"; sourceTree = "<group>"; };
/* End PBXFileReference section */

/* Begin PBXFrameworksBuildPhase section */
		87F00FB92A6A9D21002E4F3B /* Frameworks */ = {
			isa = PBXFrameworksBuildPhase;
			buildActionMask = 2147483647;
			files = (
			);
			runOnlyForDeploymentPostprocessing = 0;
		};
/* End PBXFrameworksBuildPhase section */

/* Begin PBXGroup section */
		87048A6B2AA8B83900725C77 /* concept */ = {
			isa = PBXGroup;
			children = (
				87048A682AA8B7F800725C77 /* dp_concept.c */,
			);
			path = concept;
			sourceTree = "<group>";
		};
		87048A6C2AA8C7A500725C77 /* baekjoon */ = {
			isa = PBXGroup;
			children = (
				87048A6E2AA8C7D600725C77 /* baekjoon11726.c */,
				87048A712AA8D16400725C77 /* baekjoon11727.c */,
			);
			path = baekjoon;
			sourceTree = "<group>";
		};
		87F00FB32A6A9D21002E4F3B = {
			isa = PBXGroup;
			children = (
				87F00FBE2A6A9D21002E4F3B /* C */,
				87F00FBD2A6A9D21002E4F3B /* Products */,
			);
			sourceTree = "<group>";
		};
		87F00FBD2A6A9D21002E4F3B /* Products */ = {
			isa = PBXGroup;
			children = (
				87F00FBC2A6A9D21002E4F3B /* C */,
			);
			name = Products;
			sourceTree = "<group>";
		};
		87F00FBE2A6A9D21002E4F3B /* C */ = {
			isa = PBXGroup;
			children = (
				87048A6C2AA8C7A500725C77 /* baekjoon */,
				87048A6B2AA8B83900725C77 /* concept */,
				87F6211A2A6C3C1A008AF76E /* 문자열 예제1.c */,
				87E444162A6AA9B500E5CE8C /* 문자열.c */,
				87F00FCC2A6AA4E3002E4F3B /* 포인터.c */,
				87E4441C2A6AB12100E5CE8C /* 파일.c */,
				8784EBC62A6C361500D55483 /* 단어입력.c */,
				87048A652AA8543900725C77 /* debug_example.c */,
			);
			path = C;
			sourceTree = "<group>";
		};
/* End PBXGroup section */

/* Begin PBXNativeTarget section */
		87F00FBB2A6A9D21002E4F3B /* C */ = {
			isa = PBXNativeTarget;
			buildConfigurationList = 87F00FC32A6A9D21002E4F3B /* Build configuration list for PBXNativeTarget "C" */;
			buildPhases = (
				87F00FB82A6A9D21002E4F3B /* Sources */,
				87F00FB92A6A9D21002E4F3B /* Frameworks */,
				87F00FBA2A6A9D21002E4F3B /* CopyFiles */,
			);
			buildRules = (
			);
			dependencies = (
			);
			name = C;
			productName = C;
			productReference = 87F00FBC2A6A9D21002E4F3B /* C */;
			productType = "com.apple.product-type.tool";
		};
/* End PBXNativeTarget section */

/* Begin PBXProject section */
		87F00FB42A6A9D21002E4F3B /* Project object */ = {
			isa = PBXProject;
			attributes = {
				BuildIndependentTargetsInParallel = 1;
				LastUpgradeCheck = 1430;
				TargetAttributes = {
					87F00FBB2A6A9D21002E4F3B = {
						CreatedOnToolsVersion = 14.3.1;
					};
				};
			};
			buildConfigurationList = 87F00FB72A6A9D21002E4F3B /* Build configuration list for PBXProject "C" */;
			compatibilityVersion = "Xcode 14.0";
			developmentRegion = en;
			hasScannedForEncodings = 0;
			knownRegions = (
				en,
				Base,
			);
			mainGroup = 87F00FB32A6A9D21002E4F3B;
			productRefGroup = 87F00FBD2A6A9D21002E4F3B /* Products */;
			projectDirPath = "";
			projectRoot = "";
			targets = (
				87F00FBB2A6A9D21002E4F3B /* C */,
			);
		};
/* End PBXProject section */

/* Begin PBXSourcesBuildPhase section */
		87F00FB82A6A9D21002E4F3B /* Sources */ = {
			isa = PBXSourcesBuildPhase;
			buildActionMask = 2147483647;
			files = (
				87048A722AA8D16400725C77 /* baekjoon11727.c in Sources */,
			);
			runOnlyForDeploymentPostprocessing = 0;
		};
/* End PBXSourcesBuildPhase section */

/* Begin XCBuildConfiguration section */
		87F00FC12A6A9D21002E4F3B /* Debug */ = {
			isa = XCBuildConfiguration;
			buildSettings = {
				ALWAYS_SEARCH_USER_PATHS = NO;
				CLANG_ANALYZER_NONNULL = YES;
				CLANG_ANALYZER_NUMBER_OBJECT_CONVERSION = YES_AGGRESSIVE;
				CLANG_CXX_LANGUAGE_STANDARD = "gnu++20";
				CLANG_ENABLE_MODULES = YES;
				CLANG_ENABLE_OBJC_ARC = YES;
				CLANG_ENABLE_OBJC_WEAK = YES;
				CLANG_WARN_BLOCK_CAPTURE_AUTORELEASING = YES;
				CLANG_WARN_BOOL_CONVERSION = YES;
				CLANG_WARN_COMMA = YES;
				CLANG_WARN_CONSTANT_CONVERSION = YES;
				CLANG_WARN_DEPRECATED_OBJC_IMPLEMENTATIONS = YES;
				CLANG_WARN_DIRECT_OBJC_ISA_USAGE = YES_ERROR;
				CLANG_WARN_DOCUMENTATION_COMMENTS = YES;
				CLANG_WARN_EMPTY_BODY = YES;
				CLANG_WARN_ENUM_CONVERSION = YES;
				CLANG_WARN_INFINITE_RECURSION = YES;
				CLANG_WARN_INT_CONVERSION = YES;
				CLANG_WARN_NON_LITERAL_NULL_CONVERSION = YES;
				CLANG_WARN_OBJC_IMPLICIT_RETAIN_SELF = YES;
				CLANG_WARN_OBJC_LITERAL_CONVERSION = YES;
				CLANG_WARN_OBJC_ROOT_CLASS = YES_ERROR;
				CLANG_WARN_QUOTED_INCLUDE_IN_FRAMEWORK_HEADER = YES;
				CLANG_WARN_RANGE_LOOP_ANALYSIS = YES;
				CLANG_WARN_STRICT_PROTOTYPES = YES;
				CLANG_WARN_SUSPICIOUS_MOVE = YES;
				CLANG_WARN_UNGUARDED_AVAILABILITY = YES_AGGRESSIVE;
				CLANG_WARN_UNREACHABLE_CODE = YES;
				CLANG_WARN__DUPLICATE_METHOD_MATCH = YES;
				COPY_PHASE_STRIP = NO;
				DEBUG_INFORMATION_FORMAT = dwarf;
				ENABLE_STRICT_OBJC_MSGSEND = YES;
				ENABLE_TESTABILITY = YES;
				GCC_C_LANGUAGE_STANDARD = gnu11;
				GCC_DYNAMIC_NO_PIC = NO;
				GCC_NO_COMMON_BLOCKS = YES;
				GCC_OPTIMIZATION_LEVEL = 0;
				GCC_PREPROCESSOR_DEFINITIONS = (
					"DEBUG=1",
					"$(inherited)",
				);
				GCC_WARN_64_TO_32_BIT_CONVERSION = YES;
				GCC_WARN_ABOUT_RETURN_TYPE = YES_ERROR;
				GCC_WARN_UNDECLARED_SELECTOR = YES;
				GCC_WARN_UNINITIALIZED_AUTOS = YES_AGGRESSIVE;
				GCC_WARN_UNUSED_FUNCTION = YES;
				GCC_WARN_UNUSED_VARIABLE = YES;
				MACOSX_DEPLOYMENT_TARGET = 13.3;
				MTL_ENABLE_DEBUG_INFO = INCLUDE_SOURCE;
				MTL_FAST_MATH = YES;
				ONLY_ACTIVE_ARCH = YES;
				SDKROOT = macosx;
			};
			name = Debug;
		};
		87F00FC22A6A9D21002E4F3B /* Release */ = {
			isa = XCBuildConfiguration;
			buildSettings = {
				ALWAYS_SEARCH_USER_PATHS = NO;
				CLANG_ANALYZER_NONNULL = YES;
				CLANG_ANALYZER_NUMBER_OBJECT_CONVERSION = YES_AGGRESSIVE;
				CLANG_CXX_LANGUAGE_STANDARD = "gnu++20";
				CLANG_ENABLE_MODULES = YES;
				CLANG_ENABLE_OBJC_ARC = YES;
				CLANG_ENABLE_OBJC_WEAK = YES;
				CLANG_WARN_BLOCK_CAPTURE_AUTORELEASING = YES;
				CLANG_WARN_BOOL_CONVERSION = YES;
				CLANG_WARN_COMMA = YES;
				CLANG_WARN_CONSTANT_CONVERSION = YES;
				CLANG_WARN_DEPRECATED_OBJC_IMPLEMENTATIONS = YES;
				CLANG_WARN_DIRECT_OBJC_ISA_USAGE = YES_ERROR;
				CLANG_WARN_DOCUMENTATION_COMMENTS = YES;
				CLANG_WARN_EMPTY_BODY = YES;
				CLANG_WARN_ENUM_CONVERSION = YES;
				CLANG_WARN_INFINITE_RECURSION = YES;
				CLANG_WARN_INT_CONVERSION = YES;
				CLANG_WARN_NON_LITERAL_NULL_CONVERSION = YES;
				CLANG_WARN_OBJC_IMPLICIT_RETAIN_SELF = YES;
				CLANG_WARN_OBJC_LITERAL_CONVERSION = YES;
				CLANG_WARN_OBJC_ROOT_CLASS = YES_ERROR;
				CLANG_WARN_QUOTED_INCLUDE_IN_FRAMEWORK_HEADER = YES;
				CLANG_WARN_RANGE_LOOP_ANALYSIS = YES;
				CLANG_WARN_STRICT_PROTOTYPES = YES;
				CLANG_WARN_SUSPICIOUS_MOVE = YES;
				CLANG_WARN_UNGUARDED_AVAILABILITY = YES_AGGRESSIVE;
				CLANG_WARN_UNREACHABLE_CODE = YES;
				CLANG_WARN__DUPLICATE_METHOD_MATCH = YES;
				COPY_PHASE_STRIP = NO;
				DEBUG_INFORMATION_FORMAT = "dwarf-with-dsym";
				ENABLE_NS_ASSERTIONS = NO;
				ENABLE_STRICT_OBJC_MSGSEND = YES;
				GCC_C_LANGUAGE_STANDARD = gnu11;
				GCC_NO_COMMON_BLOCKS = YES;
				GCC_WARN_64_TO_32_BIT_CONVERSION = YES;
				GCC_WARN_ABOUT_RETURN_TYPE = YES_ERROR;
				GCC_WARN_UNDECLARED_SELECTOR = YES;
				GCC_WARN_UNINITIALIZED_AUTOS = YES_AGGRESSIVE;
				GCC_WARN_UNUSED_FUNCTION = YES;
				GCC_WARN_UNUSED_VARIABLE = YES;
				MACOSX_DEPLOYMENT_TARGET = 13.3;
				MTL_ENABLE_DEBUG_INFO = NO;
				MTL_FAST_MATH = YES;
				SDKROOT = macosx;
			};
			name = Release;
		};
		87F00FC42A6A9D21002E4F3B /* Debug */ = {
			isa = XCBuildConfiguration;
			buildSettings = {
				CODE_SIGN_STYLE = Automatic;
				DEVELOPMENT_TEAM = 9WCS2KAVL8;
				ENABLE_HARDENED_RUNTIME = YES;
				PRODUCT_NAME = "$(TARGET_NAME)";
			};
			name = Debug;
		};
		87F00FC52A6A9D21002E4F3B /* Release */ = {
			isa = XCBuildConfiguration;
			buildSettings = {
				CODE_SIGN_STYLE = Automatic;
				DEVELOPMENT_TEAM = 9WCS2KAVL8;
				ENABLE_HARDENED_RUNTIME = YES;
				PRODUCT_NAME = "$(TARGET_NAME)";
			};
			name = Release;
		};
/* End XCBuildConfiguration section */

/* Begin XCConfigurationList section */
		87F00FB72A6A9D21002E4F3B /* Build configuration list for PBXProject "C" */ = {
			isa = XCConfigurationList;
			buildConfigurations = (
				87F00FC12A6A9D21002E4F3B /* Debug */,
				87F00FC22A6A9D21002E4F3B /* Release */,
			);
			defaultConfigurationIsVisible = 0;
			defaultConfigurationName = Release;
		};
		87F00FC32A6A9D21002E4F3B /* Build configuration list for PBXNativeTarget "C" */ = {
			isa = XCConfigurationList;
			buildConfigurations = (
				87F00FC42A6A9D21002E4F3B /* Debug */,
				87F00FC52A6A9D21002E4F3B /* Release */,
			);
			defaultConfigurationIsVisible = 0;
			defaultConfigurationName = Release;
		};
/* End XCConfigurationList section */
	};
	rootObject = 87F00FB42A6A9D21002E4F3B /* Project object */;
}
